
Microsoft Visual Studio Solution File, Format Version 12.00
# Visual Studio 15
VisualStudioVersion = 15.0.27703.2035
MinimumVisualStudioVersion = 10.0.40219.1
Project("{FAE04EC0-301F-11D3-BF4B-00C04F79EFBC}") = "MergeConflicts", "MergeConflicts\MergeConflicts.csproj", "{82C8FFB6-9165-406F-BCA0-77E38AB3D515}"
EndProject
Global
	GlobalSection(SolutionConfigurationPlatforms) = preSolution
		Debug|Any CPU = Debug|Any CPU
		Release|Any CPU = Release|Any CPU
	EndGlobalSection
	GlobalSection(ProjectConfigurationPlatforms) = postSolution
		{82C8FFB6-9165-406F-BCA0-77E38AB3D515}.Debug|Any CPU.ActiveCfg = Debug|Any CPU
		{82C8FFB6-9165-406F-BCA0-77E38AB3D515}.Debug|Any CPU.Build.0 = Debug|Any CPU
		{82C8FFB6-9165-406F-BCA0-77E38AB3D515}.Release|Any CPU.ActiveCfg = Release|Any CPU
		{82C8FFB6-9165-406F-BCA0-77E38AB3D515}.Release|Any CPU.Build.0 = Release|Any CPU
	EndGlobalSection
	GlobalSection(SolutionProperties) = preSolution
		HideSolutionNode = FALSE
	EndGlobalSection
	GlobalSection(ExtensibilityGlobals) = postSolution
		SolutionGuid = {3DA635BE-CA0A-41BC-AD2C-C8A8CE9DEE73}
	EndGlobalSection
EndGlobal
